<?xml version="1.0" encoding="utf-8"?>
<Project ToolsVersion="4.0" xmlns="http://schemas.microsoft.com/developer/msbuild/2003">
  <ItemGroup>
    <Filter Include="pfc">
      <UniqueIdentifier>{b02365fe-8dad-4a4d-9b5e-7cc1d8b4e840}</UniqueIdentifier>
    </Filter>
  </ItemGroup>
  <ItemGroup>
    <ClInclude Include="pfc\bitmap.h">
      <Filter>pfc</Filter>
    </ClInclude>
    <ClInclude Include="pfc\chrono.h">
      <Filter>pfc</Filter>
    </ClInclude>
    <ClInclude Include="pfc\complex.h">
      <Filter>pfc</Filter>
    </ClInclude>
    <ClInclude Include="pfc\jobs.h">
      <Filter>pfc</Filter>
    </ClInclude>
    <ClInclude Include="pfc\cuda_helper.h">
      <Filter>pfc</Filter>
    </ClInclude>
    <ClInclude Include="pfc\config.h">
      <Filter>pfc</Filter>
    </ClInclude>
  </ItemGroup>
  <ItemGroup>
    <ClCompile Include="gpu.cpp" />
  </ItemGroup>
</Project>